{
  "name": "jean-schleppy",
  "version": "1.1.0",
  "lockfileVersion": 3,
  "requires": true,
  "packages": {
    "": {
      "name": "jean-schleppy",
      "version": "1.1.0",
      "license": "MIT",
      "dependencies": {
        "jean-schleppy": "^1.1.0"
      },
      "bin": {
        "jean-schleppy": "index.js"
      }
    },
    "node_modules/jean-schleppy": {
      "version": "1.1.0",
      "resolved": "https://registry.npmjs.org/jean-schleppy/-/jean-schleppy-1.1.0.tgz",
      "integrity": "sha512-zZUwP8QuBUwPpJrHLcngKT37cEgPQ28oqSP5D+NocnWzHbTuq57Oy9sZ1WHDIWZuUyBmSQS9pAewoXp4GbVWxQ==",
      "license": "MIT",
      "bin": {
        "jean-schleppy": "index.js"
      }
    }
  }
}
